{
  "object": {
    "pins": [
      {
        "package": "MapleBacon",
        "repositoryURL": "https://github.com/JanGorman/MapleBacon.git",
        "state": {
          "branch": null,
          "revision": "18f20540a52fad4c179ee46b4f7300666e2f40f5",
          "version": "5.6.11"
        }
      },
      {
        "package": "RxSwift",
        "repositoryURL": "https://github.com/ReactiveX/RxSwift.git",
        "state": {
          "branch": null,
          "revision": "b3e888b4972d9bc76495dd74d30a8c7fad4b9395",
          "version": "5.0.1"
        }
      },
      {
        "package": "SideMenu",
        "repositoryURL": "https://github.com/jonkykong/SideMenu.git",
        "state": {
          "branch": null,
          "revision": "fb25017bc7238145c4d6405255c3aeaa7993b4c7",
          "version": "6.4.6"
        }
      }
    ]
  },
  "version": 1
}
